
Microsoft Visual Studio Solution File, Format Version 12.00
# Visual Studio Version 17
VisualStudioVersion = 17.11.35312.102
MinimumVisualStudioVersion = 10.0.40219.1
Project("{FAE04EC0-301F-11D3-BF4B-00C04F79EFBC}") = "CustomControlsLib", "CustomControlsLib\CustomControlsLib.csproj", "{540DA544-9B63-4EA8-ACE8-A1CAE04F798F}"
EndProject
Global
	GlobalSection(SolutionConfigurationPlatforms) = preSolution
		Debug|Any CPU = Debug|Any CPU
		Release|Any CPU = Release|Any CPU
	EndGlobalSection
	GlobalSection(ProjectConfigurationPlatforms) = postSolution
		{540DA544-9B63-4EA8-ACE8-A1CAE04F798F}.Debug|Any CPU.ActiveCfg = Debug|Any CPU
		{540DA544-9B63-4EA8-ACE8-A1CAE04F798F}.Debug|Any CPU.Build.0 = Debug|Any CPU
		{540DA544-9B63-4EA8-ACE8-A1CAE04F798F}.Release|Any CPU.ActiveCfg = Release|Any CPU
		{540DA544-9B63-4EA8-ACE8-A1CAE04F798F}.Release|Any CPU.Build.0 = Release|Any CPU
	EndGlobalSection
	GlobalSection(SolutionProperties) = preSolution
		HideSolutionNode = FALSE
	EndGlobalSection
	GlobalSection(ExtensibilityGlobals) = postSolution
		SolutionGuid = {948A14C0-5E0B-4BA7-9F9C-A55ED48A3ED7}
	EndGlobalSection
EndGlobal
